apiVersion: s3.aws.upbound.io/v1beta1
kind: BucketPublicAccessBlock
metadata:
  annotations:
    meta.upbound.io/example-id: s3/v1beta1/bucketpublicaccessblock
  labels:
    testing.upbound.io/example-name: example
  name: example
spec:
  forProvider:
    blockPublicAcls: true
    blockPublicPolicy: true
    bucketSelector:
      matchLabels:
        testing.upbound.io/example-name: example
    ignorePublicAcls: true
    region: us-west-1
    restrictPublicBuckets: true

---

apiVersion: s3.aws.upbound.io/v1beta1
kind: Bucket
metadata:
  annotations:
    crossplane.io/external-name: ${Rand.RFC1123Subdomain}
    meta.upbound.io/example-id: s3/v1beta1/bucketpublicaccessblock
  labels:
    testing.upbound.io/example-name: example
  name: example
spec:
  forProvider:
    region: us-west-1
