# SPDX-FileCopyrightText: 2024 The Crossplane Authors <https://crossplane.io>
#
# SPDX-License-Identifier: CC0-1.0

apiVersion: s3control.aws.upbound.io/v1beta1
kind: AccountPublicAccessBlock
metadata:
  annotations:
    meta.upbound.io/example-id: s3control/v1beta1/accountpublicaccessblock
  labels:
    testing.upbound.io/example-name: example
  name: example
spec:
  forProvider:
    blockPublicAcls: true
    blockPublicPolicy: true
