apiVersion: s3control.aws.m.upbound.io/v1beta1
kind: AccountPublicAccessBlock
metadata:
  annotations:
    meta.upbound.io/example-id: s3control/v1beta1/accountpublicaccessblock
  labels:
    testing.upbound.io/example-name: example
  name: example
  namespace: upbound-system
spec:
  forProvider:
    blockPublicAcls: true
    blockPublicPolicy: true
