apiVersion: s3.aws.upbound.io/v1beta1
kind: BucketPublicAccessBlock
metadata:
  labels:
    testing.upbound.io/example-name: example
  name: example
spec:
  forProvider:
    blockPublicAcls: true
    blockPublicPolicy: true
    bucketSelector:
      matchLabels:
        testing.upbound.io/example-name: example
    region: us-west-1

---

apiVersion: s3.aws.upbound.io/v1beta1
kind: Bucket
metadata:
  labels:
    testing.upbound.io/example-name: example
  name: example
spec:
  forProvider: {}

---

